
Microsoft Visual Studio Solution File, Format Version 12.00
# Visual Studio Version 17
VisualStudioVersion = 17.7.34009.444
MinimumVisualStudioVersion = 10.0.40219.1
Project("{FAE04EC0-301F-11D3-BF4B-00C04F79EFBC}") = "ProjectG", "ProjectG\ProjectG.csproj", "{338B0158-A78B-4D7B-983B-B181C6BC60FE}"
EndProject
Global
	GlobalSection(SolutionConfigurationPlatforms) = preSolution
		Debug|Any CPU = Debug|Any CPU
		Release|Any CPU = Release|Any CPU
	EndGlobalSection
	GlobalSection(ProjectConfigurationPlatforms) = postSolution
		{338B0158-A78B-4D7B-983B-B181C6BC60FE}.Debug|Any CPU.ActiveCfg = Debug|Any CPU
		{338B0158-A78B-4D7B-983B-B181C6BC60FE}.Debug|Any CPU.Build.0 = Debug|Any CPU
		{338B0158-A78B-4D7B-983B-B181C6BC60FE}.Release|Any CPU.ActiveCfg = Release|Any CPU
		{338B0158-A78B-4D7B-983B-B181C6BC60FE}.Release|Any CPU.Build.0 = Release|Any CPU
	EndGlobalSection
	GlobalSection(SolutionProperties) = preSolution
		HideSolutionNode = FALSE
	EndGlobalSection
	GlobalSection(ExtensibilityGlobals) = postSolution
		SolutionGuid = {838D975D-2751-4984-86AC-C4510BC39CF5}
	EndGlobalSection
EndGlobal
