
Microsoft Visual Studio Solution File, Format Version 12.00
# Visual Studio Version 17
VisualStudioVersion = 17.7.34009.444
MinimumVisualStudioVersion = 10.0.40219.1
Project("{FAE04EC0-301F-11D3-BF4B-00C04F79EFBC}") = "ProjectC", "ProjectC\ProjectC.csproj", "{62E4682E-72F4-4EEC-9CC0-36B5BE26BB38}"
EndProject
Global
	GlobalSection(SolutionConfigurationPlatforms) = preSolution
		Debug|Any CPU = Debug|Any CPU
		Release|Any CPU = Release|Any CPU
	EndGlobalSection
	GlobalSection(ProjectConfigurationPlatforms) = postSolution
		{62E4682E-72F4-4EEC-9CC0-36B5BE26BB38}.Debug|Any CPU.ActiveCfg = Debug|Any CPU
		{62E4682E-72F4-4EEC-9CC0-36B5BE26BB38}.Debug|Any CPU.Build.0 = Debug|Any CPU
		{62E4682E-72F4-4EEC-9CC0-36B5BE26BB38}.Release|Any CPU.ActiveCfg = Release|Any CPU
		{62E4682E-72F4-4EEC-9CC0-36B5BE26BB38}.Release|Any CPU.Build.0 = Release|Any CPU
	EndGlobalSection
	GlobalSection(SolutionProperties) = preSolution
		HideSolutionNode = FALSE
	EndGlobalSection
	GlobalSection(ExtensibilityGlobals) = postSolution
		SolutionGuid = {79DD5D72-3D06-4C66-8E19-6369D641DBA0}
	EndGlobalSection
EndGlobal
