
Microsoft Visual Studio Solution File, Format Version 12.00
# Visual Studio Version 17
VisualStudioVersion = 17.7.34009.444
MinimumVisualStudioVersion = 10.0.40219.1
Project("{FAE04EC0-301F-11D3-BF4B-00C04F79EFBC}") = "ProjectF", "ProjectF\ProjectF.csproj", "{328C4F9B-282F-4180-B33F-7ECE072F741B}"
EndProject
Global
	GlobalSection(SolutionConfigurationPlatforms) = preSolution
		Debug|Any CPU = Debug|Any CPU
		Release|Any CPU = Release|Any CPU
	EndGlobalSection
	GlobalSection(ProjectConfigurationPlatforms) = postSolution
		{328C4F9B-282F-4180-B33F-7ECE072F741B}.Debug|Any CPU.ActiveCfg = Debug|Any CPU
		{328C4F9B-282F-4180-B33F-7ECE072F741B}.Debug|Any CPU.Build.0 = Debug|Any CPU
		{328C4F9B-282F-4180-B33F-7ECE072F741B}.Release|Any CPU.ActiveCfg = Release|Any CPU
		{328C4F9B-282F-4180-B33F-7ECE072F741B}.Release|Any CPU.Build.0 = Release|Any CPU
	EndGlobalSection
	GlobalSection(SolutionProperties) = preSolution
		HideSolutionNode = FALSE
	EndGlobalSection
	GlobalSection(ExtensibilityGlobals) = postSolution
		SolutionGuid = {F3BD9BA6-6787-45B7-9E73-1C3EE086BC36}
	EndGlobalSection
EndGlobal
