
Microsoft Visual Studio Solution File, Format Version 12.00
# Visual Studio Version 17
VisualStudioVersion = 17.7.34009.444
MinimumVisualStudioVersion = 10.0.40219.1
Project("{FAE04EC0-301F-11D3-BF4B-00C04F79EFBC}") = "TestA", "TestA\TestA.csproj", "{707B2BA3-178D-4A78-B0D2-F4E07895DA82}"
EndProject
Global
	GlobalSection(SolutionConfigurationPlatforms) = preSolution
		Debug|Any CPU = Debug|Any CPU
		Release|Any CPU = Release|Any CPU
	EndGlobalSection
	GlobalSection(ProjectConfigurationPlatforms) = postSolution
		{707B2BA3-178D-4A78-B0D2-F4E07895DA82}.Debug|Any CPU.ActiveCfg = Debug|Any CPU
		{707B2BA3-178D-4A78-B0D2-F4E07895DA82}.Debug|Any CPU.Build.0 = Debug|Any CPU
		{707B2BA3-178D-4A78-B0D2-F4E07895DA82}.Release|Any CPU.ActiveCfg = Release|Any CPU
		{707B2BA3-178D-4A78-B0D2-F4E07895DA82}.Release|Any CPU.Build.0 = Release|Any CPU
	EndGlobalSection
	GlobalSection(SolutionProperties) = preSolution
		HideSolutionNode = FALSE
	EndGlobalSection
	GlobalSection(ExtensibilityGlobals) = postSolution
		SolutionGuid = {0ADCFE5D-47F0-486F-B420-068ECBE54AF3}
	EndGlobalSection
EndGlobal
